
Microsoft Visual Studio Solution File, Format Version 12.00
# Visual Studio 2013
VisualStudioVersion = 12.0.30723.0
MinimumVisualStudioVersion = 10.0.40219.1
Project("{FAE04EC0-301F-11D3-BF4B-00C04F79EFBC}") = "COSIG_RAY_TRACING", "ray_tracing\COSIG_RAY_TRACING.csproj", "{C269DEC4-5344-4CA1-8B3D-F3C7FF5A8737}"
EndProject
Global
	GlobalSection(SolutionConfigurationPlatforms) = preSolution
		Debug|Any CPU = Debug|Any CPU
		Release|Any CPU = Release|Any CPU
	EndGlobalSection
	GlobalSection(ProjectConfigurationPlatforms) = postSolution
		{C269DEC4-5344-4CA1-8B3D-F3C7FF5A8737}.Debug|Any CPU.ActiveCfg = Debug|Any CPU
		{C269DEC4-5344-4CA1-8B3D-F3C7FF5A8737}.Debug|Any CPU.Build.0 = Debug|Any CPU
		{C269DEC4-5344-4CA1-8B3D-F3C7FF5A8737}.Release|Any CPU.ActiveCfg = Release|Any CPU
		{C269DEC4-5344-4CA1-8B3D-F3C7FF5A8737}.Release|Any CPU.Build.0 = Release|Any CPU
	EndGlobalSection
	GlobalSection(SolutionProperties) = preSolution
		HideSolutionNode = FALSE
	EndGlobalSection
EndGlobal
